
Microsoft Visual Studio Solution File, Format Version 12.00
# Visual Studio 2012
Project("{FAE04EC0-301F-11D3-BF4B-00C04F79EFBC}") = "Placeworkers.Forms.iOS", "Placeworkers.Forms.iOS\Placeworkers.Forms.iOS.csproj", "{B837699B-C75F-4423-9C91-04F0C5DBF4B6}"
EndProject
Project("{FAE04EC0-301F-11D3-BF4B-00C04F79EFBC}") = "Placeworkers.Forms.Android", "Placeworkers.Forms.Android\Placeworkers.Forms.Android.csproj", "{9A6AB9C0-1C4A-4508-9ACE-03783992A89E}"
EndProject
Project("{5DD5E4FA-CB73-4610-85AB-557B54E96AA9}") = "Placeworkers.Forms.NuGet", "Placeworkers.Forms.NuGet\Placeworkers.Forms.NuGet.nuproj", "{DF6D6556-7258-4A65-9845-D3D5D1E58822}"
EndProject
Project("{D954291E-2A0B-460D-934E-DC6B0785DB48}") = "Placeworkers.Forms.Demo", "Placeworkers.Forms.Demo\Placeworkers.Forms.Demo\Placeworkers.Forms.Demo.shproj", "{476236CA-2175-47E4-A134-42F96DB160A8}"
EndProject
Project("{FAE04EC0-301F-11D3-BF4B-00C04F79EFBC}") = "Placeworkers.Forms.Demo.Droid", "Placeworkers.Forms.Demo\Placeworkers.Forms.Demo.Droid\Placeworkers.Forms.Demo.Droid.csproj", "{F53CE130-5996-45EA-984E-8B2A2BE38073}"
EndProject
Project("{FAE04EC0-301F-11D3-BF4B-00C04F79EFBC}") = "Placeworkers.Forms.Demo.iOS", "Placeworkers.Forms.Demo\Placeworkers.Forms.Demo.iOS\Placeworkers.Forms.Demo.iOS.csproj", "{93A44763-184A-4873-A0B5-BAAED2E2CF1D}"
EndProject
Project("{FAE04EC0-301F-11D3-BF4B-00C04F79EFBC}") = "Placeworkers.Forms", "Placeworkers.Forms\Placeworkers.Forms.csproj", "{40080DEA-162A-4873-AFCE-6D1ADDF0D6FC}"
EndProject
Project("{2150E333-8FDC-42A3-9474-1A3956D46DE8}") = "Solution Items", "Solution Items", "{381B1839-CF9F-4439-A716-C46388188AFA}"
	ProjectSection(SolutionItems) = preProject
		.editorconfig = .editorconfig
		README.md = README.md
		LICENSE = LICENSE
	EndProjectSection
EndProject
Project("{FAE04EC0-301F-11D3-BF4B-00C04F79EFBC}") = "Placeworkers.Forms.Android.PDFViewer", "Placeworkers.Forms.Android.PDFViewer\Placeworkers.Forms.Android.PDFViewer.csproj", "{6BC04C85-04A3-49C0-9769-6FC2996E555E}"
EndProject
Project("{FAE04EC0-301F-11D3-BF4B-00C04F79EFBC}") = "Placeworkers.Forms.Android.PDFium", "Placeworkers.Forms.Android.PDFium\Placeworkers.Forms.Android.PDFium.csproj", "{7368AA44-A58F-4375-B4CB-0F593F92B9FD}"
EndProject
Global
	GlobalSection(SolutionConfigurationPlatforms) = preSolution
		Debug|Any CPU = Debug|Any CPU
		Release|Any CPU = Release|Any CPU
		Debug|iPhoneSimulator = Debug|iPhoneSimulator
		Release|iPhone = Release|iPhone
		Release|iPhoneSimulator = Release|iPhoneSimulator
		Debug|iPhone = Debug|iPhone
	EndGlobalSection
	GlobalSection(ProjectConfigurationPlatforms) = postSolution
		{B837699B-C75F-4423-9C91-04F0C5DBF4B6}.Debug|Any CPU.ActiveCfg = Debug|Any CPU
		{B837699B-C75F-4423-9C91-04F0C5DBF4B6}.Debug|Any CPU.Build.0 = Debug|Any CPU
		{B837699B-C75F-4423-9C91-04F0C5DBF4B6}.Release|Any CPU.ActiveCfg = Release|Any CPU
		{B837699B-C75F-4423-9C91-04F0C5DBF4B6}.Release|Any CPU.Build.0 = Release|Any CPU
		{B837699B-C75F-4423-9C91-04F0C5DBF4B6}.Debug|iPhoneSimulator.ActiveCfg = Debug|Any CPU
		{B837699B-C75F-4423-9C91-04F0C5DBF4B6}.Debug|iPhoneSimulator.Build.0 = Debug|Any CPU
		{B837699B-C75F-4423-9C91-04F0C5DBF4B6}.Release|iPhone.ActiveCfg = Release|Any CPU
		{B837699B-C75F-4423-9C91-04F0C5DBF4B6}.Release|iPhone.Build.0 = Release|Any CPU
		{B837699B-C75F-4423-9C91-04F0C5DBF4B6}.Release|iPhoneSimulator.ActiveCfg = Release|Any CPU
		{B837699B-C75F-4423-9C91-04F0C5DBF4B6}.Release|iPhoneSimulator.Build.0 = Release|Any CPU
		{B837699B-C75F-4423-9C91-04F0C5DBF4B6}.Debug|iPhone.ActiveCfg = Debug|Any CPU
		{B837699B-C75F-4423-9C91-04F0C5DBF4B6}.Debug|iPhone.Build.0 = Debug|Any CPU
		{9A6AB9C0-1C4A-4508-9ACE-03783992A89E}.Debug|Any CPU.ActiveCfg = Debug|Any CPU
		{9A6AB9C0-1C4A-4508-9ACE-03783992A89E}.Debug|Any CPU.Build.0 = Debug|Any CPU
		{9A6AB9C0-1C4A-4508-9ACE-03783992A89E}.Release|Any CPU.ActiveCfg = Release|Any CPU
		{9A6AB9C0-1C4A-4508-9ACE-03783992A89E}.Release|Any CPU.Build.0 = Release|Any CPU
		{9A6AB9C0-1C4A-4508-9ACE-03783992A89E}.Debug|iPhoneSimulator.ActiveCfg = Debug|Any CPU
		{9A6AB9C0-1C4A-4508-9ACE-03783992A89E}.Debug|iPhoneSimulator.Build.0 = Debug|Any CPU
		{9A6AB9C0-1C4A-4508-9ACE-03783992A89E}.Release|iPhone.ActiveCfg = Release|Any CPU
		{9A6AB9C0-1C4A-4508-9ACE-03783992A89E}.Release|iPhone.Build.0 = Release|Any CPU
		{9A6AB9C0-1C4A-4508-9ACE-03783992A89E}.Release|iPhoneSimulator.ActiveCfg = Release|Any CPU
		{9A6AB9C0-1C4A-4508-9ACE-03783992A89E}.Release|iPhoneSimulator.Build.0 = Release|Any CPU
		{9A6AB9C0-1C4A-4508-9ACE-03783992A89E}.Debug|iPhone.ActiveCfg = Debug|Any CPU
		{9A6AB9C0-1C4A-4508-9ACE-03783992A89E}.Debug|iPhone.Build.0 = Debug|Any CPU
		{DF6D6556-7258-4A65-9845-D3D5D1E58822}.Debug|Any CPU.ActiveCfg = Debug|Any CPU
		{DF6D6556-7258-4A65-9845-D3D5D1E58822}.Debug|Any CPU.Build.0 = Debug|Any CPU
		{DF6D6556-7258-4A65-9845-D3D5D1E58822}.Release|Any CPU.ActiveCfg = Release|Any CPU
		{DF6D6556-7258-4A65-9845-D3D5D1E58822}.Release|Any CPU.Build.0 = Release|Any CPU
		{DF6D6556-7258-4A65-9845-D3D5D1E58822}.Debug|iPhoneSimulator.ActiveCfg = Debug|Any CPU
		{DF6D6556-7258-4A65-9845-D3D5D1E58822}.Debug|iPhoneSimulator.Build.0 = Debug|Any CPU
		{DF6D6556-7258-4A65-9845-D3D5D1E58822}.Release|iPhone.ActiveCfg = Release|Any CPU
		{DF6D6556-7258-4A65-9845-D3D5D1E58822}.Release|iPhone.Build.0 = Release|Any CPU
		{DF6D6556-7258-4A65-9845-D3D5D1E58822}.Release|iPhoneSimulator.ActiveCfg = Release|Any CPU
		{DF6D6556-7258-4A65-9845-D3D5D1E58822}.Release|iPhoneSimulator.Build.0 = Release|Any CPU
		{DF6D6556-7258-4A65-9845-D3D5D1E58822}.Debug|iPhone.ActiveCfg = Debug|Any CPU
		{DF6D6556-7258-4A65-9845-D3D5D1E58822}.Debug|iPhone.Build.0 = Debug|Any CPU
		{F53CE130-5996-45EA-984E-8B2A2BE38073}.Debug|Any CPU.ActiveCfg = Debug|Any CPU
		{F53CE130-5996-45EA-984E-8B2A2BE38073}.Debug|Any CPU.Build.0 = Debug|Any CPU
		{F53CE130-5996-45EA-984E-8B2A2BE38073}.Release|Any CPU.ActiveCfg = Release|Any CPU
		{F53CE130-5996-45EA-984E-8B2A2BE38073}.Release|Any CPU.Build.0 = Release|Any CPU
		{F53CE130-5996-45EA-984E-8B2A2BE38073}.Debug|iPhoneSimulator.ActiveCfg = Debug|Any CPU
		{F53CE130-5996-45EA-984E-8B2A2BE38073}.Debug|iPhoneSimulator.Build.0 = Debug|Any CPU
		{F53CE130-5996-45EA-984E-8B2A2BE38073}.Release|iPhone.ActiveCfg = Release|Any CPU
		{F53CE130-5996-45EA-984E-8B2A2BE38073}.Release|iPhone.Build.0 = Release|Any CPU
		{F53CE130-5996-45EA-984E-8B2A2BE38073}.Release|iPhoneSimulator.ActiveCfg = Release|Any CPU
		{F53CE130-5996-45EA-984E-8B2A2BE38073}.Release|iPhoneSimulator.Build.0 = Release|Any CPU
		{F53CE130-5996-45EA-984E-8B2A2BE38073}.Debug|iPhone.ActiveCfg = Debug|Any CPU
		{F53CE130-5996-45EA-984E-8B2A2BE38073}.Debug|iPhone.Build.0 = Debug|Any CPU
		{93A44763-184A-4873-A0B5-BAAED2E2CF1D}.Debug|Any CPU.ActiveCfg = Debug|iPhoneSimulator
		{93A44763-184A-4873-A0B5-BAAED2E2CF1D}.Debug|Any CPU.Build.0 = Debug|iPhoneSimulator
		{93A44763-184A-4873-A0B5-BAAED2E2CF1D}.Release|Any CPU.ActiveCfg = Release|iPhone
		{93A44763-184A-4873-A0B5-BAAED2E2CF1D}.Release|Any CPU.Build.0 = Release|iPhone
		{93A44763-184A-4873-A0B5-BAAED2E2CF1D}.Debug|iPhoneSimulator.ActiveCfg = Debug|iPhoneSimulator
		{93A44763-184A-4873-A0B5-BAAED2E2CF1D}.Debug|iPhoneSimulator.Build.0 = Debug|iPhoneSimulator
		{93A44763-184A-4873-A0B5-BAAED2E2CF1D}.Release|iPhone.ActiveCfg = Release|iPhone
		{93A44763-184A-4873-A0B5-BAAED2E2CF1D}.Release|iPhone.Build.0 = Release|iPhone
		{93A44763-184A-4873-A0B5-BAAED2E2CF1D}.Release|iPhoneSimulator.ActiveCfg = Release|iPhoneSimulator
		{93A44763-184A-4873-A0B5-BAAED2E2CF1D}.Release|iPhoneSimulator.Build.0 = Release|iPhoneSimulator
		{93A44763-184A-4873-A0B5-BAAED2E2CF1D}.Debug|iPhone.ActiveCfg = Debug|iPhone
		{93A44763-184A-4873-A0B5-BAAED2E2CF1D}.Debug|iPhone.Build.0 = Debug|iPhone
		{40080DEA-162A-4873-AFCE-6D1ADDF0D6FC}.Debug|Any CPU.ActiveCfg = Debug|Any CPU
		{40080DEA-162A-4873-AFCE-6D1ADDF0D6FC}.Debug|Any CPU.Build.0 = Debug|Any CPU
		{40080DEA-162A-4873-AFCE-6D1ADDF0D6FC}.Release|Any CPU.ActiveCfg = Release|Any CPU
		{40080DEA-162A-4873-AFCE-6D1ADDF0D6FC}.Release|Any CPU.Build.0 = Release|Any CPU
		{40080DEA-162A-4873-AFCE-6D1ADDF0D6FC}.Debug|iPhoneSimulator.ActiveCfg = Debug|Any CPU
		{40080DEA-162A-4873-AFCE-6D1ADDF0D6FC}.Debug|iPhoneSimulator.Build.0 = Debug|Any CPU
		{40080DEA-162A-4873-AFCE-6D1ADDF0D6FC}.Release|iPhone.ActiveCfg = Release|Any CPU
		{40080DEA-162A-4873-AFCE-6D1ADDF0D6FC}.Release|iPhone.Build.0 = Release|Any CPU
		{40080DEA-162A-4873-AFCE-6D1ADDF0D6FC}.Release|iPhoneSimulator.ActiveCfg = Release|Any CPU
		{40080DEA-162A-4873-AFCE-6D1ADDF0D6FC}.Release|iPhoneSimulator.Build.0 = Release|Any CPU
		{40080DEA-162A-4873-AFCE-6D1ADDF0D6FC}.Debug|iPhone.ActiveCfg = Debug|Any CPU
		{40080DEA-162A-4873-AFCE-6D1ADDF0D6FC}.Debug|iPhone.Build.0 = Debug|Any CPU
		{6BC04C85-04A3-49C0-9769-6FC2996E555E}.Debug|Any CPU.ActiveCfg = Debug|Any CPU
		{6BC04C85-04A3-49C0-9769-6FC2996E555E}.Debug|Any CPU.Build.0 = Debug|Any CPU
		{6BC04C85-04A3-49C0-9769-6FC2996E555E}.Release|Any CPU.ActiveCfg = Release|Any CPU
		{6BC04C85-04A3-49C0-9769-6FC2996E555E}.Release|Any CPU.Build.0 = Release|Any CPU
		{6BC04C85-04A3-49C0-9769-6FC2996E555E}.Debug|iPhoneSimulator.ActiveCfg = Debug|Any CPU
		{6BC04C85-04A3-49C0-9769-6FC2996E555E}.Debug|iPhoneSimulator.Build.0 = Debug|Any CPU
		{6BC04C85-04A3-49C0-9769-6FC2996E555E}.Release|iPhone.ActiveCfg = Release|Any CPU
		{6BC04C85-04A3-49C0-9769-6FC2996E555E}.Release|iPhone.Build.0 = Release|Any CPU
		{6BC04C85-04A3-49C0-9769-6FC2996E555E}.Release|iPhoneSimulator.ActiveCfg = Release|Any CPU
		{6BC04C85-04A3-49C0-9769-6FC2996E555E}.Release|iPhoneSimulator.Build.0 = Release|Any CPU
		{6BC04C85-04A3-49C0-9769-6FC2996E555E}.Debug|iPhone.ActiveCfg = Debug|Any CPU
		{6BC04C85-04A3-49C0-9769-6FC2996E555E}.Debug|iPhone.Build.0 = Debug|Any CPU
		{7368AA44-A58F-4375-B4CB-0F593F92B9FD}.Debug|Any CPU.ActiveCfg = Debug|Any CPU
		{7368AA44-A58F-4375-B4CB-0F593F92B9FD}.Debug|Any CPU.Build.0 = Debug|Any CPU
		{7368AA44-A58F-4375-B4CB-0F593F92B9FD}.Release|Any CPU.ActiveCfg = Release|Any CPU
		{7368AA44-A58F-4375-B4CB-0F593F92B9FD}.Release|Any CPU.Build.0 = Release|Any CPU
		{7368AA44-A58F-4375-B4CB-0F593F92B9FD}.Debug|iPhoneSimulator.ActiveCfg = Debug|Any CPU
		{7368AA44-A58F-4375-B4CB-0F593F92B9FD}.Debug|iPhoneSimulator.Build.0 = Debug|Any CPU
		{7368AA44-A58F-4375-B4CB-0F593F92B9FD}.Release|iPhone.ActiveCfg = Release|Any CPU
		{7368AA44-A58F-4375-B4CB-0F593F92B9FD}.Release|iPhone.Build.0 = Release|Any CPU
		{7368AA44-A58F-4375-B4CB-0F593F92B9FD}.Release|iPhoneSimulator.ActiveCfg = Release|Any CPU
		{7368AA44-A58F-4375-B4CB-0F593F92B9FD}.Release|iPhoneSimulator.Build.0 = Release|Any CPU
		{7368AA44-A58F-4375-B4CB-0F593F92B9FD}.Debug|iPhone.ActiveCfg = Debug|Any CPU
		{7368AA44-A58F-4375-B4CB-0F593F92B9FD}.Debug|iPhone.Build.0 = Debug|Any CPU
	EndGlobalSection
	GlobalSection(MonoDevelopProperties) = preSolution
		version = 1.1.1
	EndGlobalSection
EndGlobal
