
Microsoft Visual Studio Solution File, Format Version 12.00
# Visual Studio 2012
Project("{D954291E-2A0B-460D-934E-DC6B0785DB48}") = "Placeworkers.Forms.Shared", "Placeworkers.Forms.Shared\Placeworkers.Forms.Shared.shproj", "{336CB717-CE42-416F-9013-5C439299AFF0}"
EndProject
Project("{FAE04EC0-301F-11D3-BF4B-00C04F79EFBC}") = "Placeworkers.Forms.iOS", "Placeworkers.Forms.iOS\Placeworkers.Forms.iOS.csproj", "{B837699B-C75F-4423-9C91-04F0C5DBF4B6}"
EndProject
Project("{FAE04EC0-301F-11D3-BF4B-00C04F79EFBC}") = "Placeworkers.Forms.Android", "Placeworkers.Forms.Android\Placeworkers.Forms.Android.csproj", "{9A6AB9C0-1C4A-4508-9ACE-03783992A89E}"
EndProject
Project("{5DD5E4FA-CB73-4610-85AB-557B54E96AA9}") = "Placeworkers.Forms.NuGet", "Placeworkers.Forms.NuGet\Placeworkers.Forms.NuGet.nuproj", "{DF6D6556-7258-4A65-9845-D3D5D1E58822}"
EndProject
Global
	GlobalSection(SolutionConfigurationPlatforms) = preSolution
		Debug|Any CPU = Debug|Any CPU
		Release|Any CPU = Release|Any CPU
		Debug|iPhoneSimulator = Debug|iPhoneSimulator
		Release|iPhone = Release|iPhone
		Release|iPhoneSimulator = Release|iPhoneSimulator
		Debug|iPhone = Debug|iPhone
	EndGlobalSection
	GlobalSection(ProjectConfigurationPlatforms) = postSolution
		{B837699B-C75F-4423-9C91-04F0C5DBF4B6}.Debug|Any CPU.ActiveCfg = Debug|Any CPU
		{B837699B-C75F-4423-9C91-04F0C5DBF4B6}.Debug|Any CPU.Build.0 = Debug|Any CPU
		{B837699B-C75F-4423-9C91-04F0C5DBF4B6}.Release|Any CPU.ActiveCfg = Release|Any CPU
		{B837699B-C75F-4423-9C91-04F0C5DBF4B6}.Release|Any CPU.Build.0 = Release|Any CPU
		{B837699B-C75F-4423-9C91-04F0C5DBF4B6}.Debug|iPhoneSimulator.ActiveCfg = Debug|Any CPU
		{B837699B-C75F-4423-9C91-04F0C5DBF4B6}.Debug|iPhoneSimulator.Build.0 = Debug|Any CPU
		{B837699B-C75F-4423-9C91-04F0C5DBF4B6}.Release|iPhone.ActiveCfg = Release|Any CPU
		{B837699B-C75F-4423-9C91-04F0C5DBF4B6}.Release|iPhone.Build.0 = Release|Any CPU
		{B837699B-C75F-4423-9C91-04F0C5DBF4B6}.Release|iPhoneSimulator.ActiveCfg = Release|Any CPU
		{B837699B-C75F-4423-9C91-04F0C5DBF4B6}.Release|iPhoneSimulator.Build.0 = Release|Any CPU
		{B837699B-C75F-4423-9C91-04F0C5DBF4B6}.Debug|iPhone.ActiveCfg = Debug|Any CPU
		{B837699B-C75F-4423-9C91-04F0C5DBF4B6}.Debug|iPhone.Build.0 = Debug|Any CPU
		{9A6AB9C0-1C4A-4508-9ACE-03783992A89E}.Debug|Any CPU.ActiveCfg = Debug|Any CPU
		{9A6AB9C0-1C4A-4508-9ACE-03783992A89E}.Debug|Any CPU.Build.0 = Debug|Any CPU
		{9A6AB9C0-1C4A-4508-9ACE-03783992A89E}.Release|Any CPU.ActiveCfg = Release|Any CPU
		{9A6AB9C0-1C4A-4508-9ACE-03783992A89E}.Release|Any CPU.Build.0 = Release|Any CPU
		{9A6AB9C0-1C4A-4508-9ACE-03783992A89E}.Debug|iPhoneSimulator.ActiveCfg = Debug|Any CPU
		{9A6AB9C0-1C4A-4508-9ACE-03783992A89E}.Debug|iPhoneSimulator.Build.0 = Debug|Any CPU
		{9A6AB9C0-1C4A-4508-9ACE-03783992A89E}.Release|iPhone.ActiveCfg = Release|Any CPU
		{9A6AB9C0-1C4A-4508-9ACE-03783992A89E}.Release|iPhone.Build.0 = Release|Any CPU
		{9A6AB9C0-1C4A-4508-9ACE-03783992A89E}.Release|iPhoneSimulator.ActiveCfg = Release|Any CPU
		{9A6AB9C0-1C4A-4508-9ACE-03783992A89E}.Release|iPhoneSimulator.Build.0 = Release|Any CPU
		{9A6AB9C0-1C4A-4508-9ACE-03783992A89E}.Debug|iPhone.ActiveCfg = Debug|Any CPU
		{9A6AB9C0-1C4A-4508-9ACE-03783992A89E}.Debug|iPhone.Build.0 = Debug|Any CPU
		{DF6D6556-7258-4A65-9845-D3D5D1E58822}.Debug|Any CPU.ActiveCfg = Debug|Any CPU
		{DF6D6556-7258-4A65-9845-D3D5D1E58822}.Debug|Any CPU.Build.0 = Debug|Any CPU
		{DF6D6556-7258-4A65-9845-D3D5D1E58822}.Release|Any CPU.ActiveCfg = Release|Any CPU
		{DF6D6556-7258-4A65-9845-D3D5D1E58822}.Release|Any CPU.Build.0 = Release|Any CPU
		{DF6D6556-7258-4A65-9845-D3D5D1E58822}.Debug|iPhoneSimulator.ActiveCfg = Debug|Any CPU
		{DF6D6556-7258-4A65-9845-D3D5D1E58822}.Debug|iPhoneSimulator.Build.0 = Debug|Any CPU
		{DF6D6556-7258-4A65-9845-D3D5D1E58822}.Release|iPhone.ActiveCfg = Release|Any CPU
		{DF6D6556-7258-4A65-9845-D3D5D1E58822}.Release|iPhone.Build.0 = Release|Any CPU
		{DF6D6556-7258-4A65-9845-D3D5D1E58822}.Release|iPhoneSimulator.ActiveCfg = Release|Any CPU
		{DF6D6556-7258-4A65-9845-D3D5D1E58822}.Release|iPhoneSimulator.Build.0 = Release|Any CPU
		{DF6D6556-7258-4A65-9845-D3D5D1E58822}.Debug|iPhone.ActiveCfg = Debug|Any CPU
		{DF6D6556-7258-4A65-9845-D3D5D1E58822}.Debug|iPhone.Build.0 = Debug|Any CPU
	EndGlobalSection
EndGlobal
